PODS:
  - RxCocoa (5.0.0):
    - RxRelay (~> 5)
    - RxSwift (~> 5)
  - RxFeedback (3.0.0):
    - RxCocoa (~> 5.0)
    - RxSwift (~> 5.0)
  - RxRelay (5.0.0):
    - RxSwift (~> 5)
  - RxSwift (5.0.0)
  - RxTest (5.0.0):
    - RxSwift (~> 5)
  - SDWebImage/Core (4.4.7)
  - Sensor (0.1.1):
    - RxCocoa (~> 5.0.0)
    - RxFeedback (~> 3.0.0)
    - RxSwift (~> 5.0.0)
  - SensorTest (0.1.1):
    - RxCocoa (~> 5.0.0)
    - RxSwift (~> 5.0.0)
    - RxTest (~> 5.0.0)
  - SnapKit (5.0.1)
  - "UITextView+Placeholder (1.3.1)"

DEPENDENCIES:
  - RxCocoa (~> 5.0)
  - RxSwift (~> 5.0)
  - SDWebImage/Core (~> 4.4)
  - Sensor
  - SensorTest
  - SnapKit (~> 5.0)
  - "UITextView+Placeholder (~> 1.2)"

SPEC REPOS:
  https://github.com/cocoapods/specs.git:
    - RxCocoa
    - RxFeedback
    - RxRelay
    - RxSwift
    - RxTest
    - SDWebImage
    - Sensor
    - SensorTest
    - SnapKit
    - "UITextView+Placeholder"

SPEC CHECKSUMS:
  RxCocoa: fcf32050ac00d801f34a7f71d5e8e7f23026dcd8
  RxFeedback: 4260d8dad5bba28b182c0b9ff5bce68c260de183
  RxRelay: 4f7409406a51a55cd88483f21ed898c234d60f18
  RxSwift: 8b0671caa829a763bbce7271095859121cbd895f
  RxTest: 4349afe98f564e0a9bc19063368904622d17d49a
  SDWebImage: c10d14a8883ebd89664f02a422006f66a85c0c5d
  Sensor: 73d898a2d7847ec3e14f471bd72d70558259951a
  SensorTest: 79f0bc23a4f5fcf7ebd8f0d0ddefc0abb17e13ad
  SnapKit: 97b92857e3df3a0c71833cce143274bf6ef8e5eb
  "UITextView+Placeholder": f23df8592290d8d06078072ae1a663e11ee07ff4

PODFILE CHECKSUM: 03d177b217a34f23f6cc37ac8dce742e7df00b28

COCOAPODS: 1.7.5
